
Microsoft Visual Studio Solution File, Format Version 12.00
# Visual Studio 2012
Project("{FAE04EC0-301F-11D3-BF4B-00C04F79EFBC}") = "XML İle Döviz Kurlarını Çekme", "XML İle Döviz Kurlarını Çekme\XML İle Döviz Kurlarını Çekme.csproj", "{05795486-7793-4685-9886-7F3DADCF73C1}"
EndProject
Global
	GlobalSection(SolutionConfigurationPlatforms) = preSolution
		Debug|Any CPU = Debug|Any CPU
		Release|Any CPU = Release|Any CPU
	EndGlobalSection
	GlobalSection(ProjectConfigurationPlatforms) = postSolution
		{05795486-7793-4685-9886-7F3DADCF73C1}.Debug|Any CPU.ActiveCfg = Debug|Any CPU
		{05795486-7793-4685-9886-7F3DADCF73C1}.Debug|Any CPU.Build.0 = Debug|Any CPU
		{05795486-7793-4685-9886-7F3DADCF73C1}.Release|Any CPU.ActiveCfg = Release|Any CPU
		{05795486-7793-4685-9886-7F3DADCF73C1}.Release|Any CPU.Build.0 = Release|Any CPU
	EndGlobalSection
	GlobalSection(SolutionProperties) = preSolution
		HideSolutionNode = FALSE
	EndGlobalSection
EndGlobal
